
Microsoft Visual Studio Solution File, Format Version 12.00
# Visual Studio Version 16
VisualStudioVersion = 16.0.30503.244
MinimumVisualStudioVersion = 10.0.40219.1
Project("{FAE04EC0-301F-11D3-BF4B-00C04F79EFBC}") = "ParallelTest", "ParallelTest.csproj", "{5A0A9B3D-FE80-4F50-955E-2EAB12949D68}"
EndProject
Global
	GlobalSection(SolutionConfigurationPlatforms) = preSolution
		Debug|Any CPU = Debug|Any CPU
		Release|Any CPU = Release|Any CPU
	EndGlobalSection
	GlobalSection(ProjectConfigurationPlatforms) = postSolution
		{5A0A9B3D-FE80-4F50-955E-2EAB12949D68}.Debug|Any CPU.ActiveCfg = Debug|Any CPU
		{5A0A9B3D-FE80-4F50-955E-2EAB12949D68}.Debug|Any CPU.Build.0 = Debug|Any CPU
		{5A0A9B3D-FE80-4F50-955E-2EAB12949D68}.Release|Any CPU.ActiveCfg = Release|Any CPU
		{5A0A9B3D-FE80-4F50-955E-2EAB12949D68}.Release|Any CPU.Build.0 = Release|Any CPU
	EndGlobalSection
	GlobalSection(SolutionProperties) = preSolution
		HideSolutionNode = FALSE
	EndGlobalSection
	GlobalSection(ExtensibilityGlobals) = postSolution
		SolutionGuid = {B49210A0-A666-4C71-9228-6A7FA061B1D1}
	EndGlobalSection
EndGlobal
